
Microsoft Visual Studio Solution File, Format Version 12.00
# Visual Studio Version 17
VisualStudioVersion = 17.4.33205.214
MinimumVisualStudioVersion = 10.0.40219.1
Project("{9A19103F-16F7-4668-BE54-9A1E7A4F7556}") = "PieShop", "PieShop\PieShop.csproj", "{E37BA2F0-E853-41AD-92F3-52CB7B222350}"
EndProject
Project("{FAE04EC0-301F-11D3-BF4B-00C04F79EFBC}") = "PieShopTest", "PieShopTest\PieShopTest.csproj", "{848CE98F-C5CF-404D-9940-61C24EF523B1}"
EndProject
Global
	GlobalSection(SolutionConfigurationPlatforms) = preSolution
		Debug|Any CPU = Debug|Any CPU
		Release|Any CPU = Release|Any CPU
	EndGlobalSection
	GlobalSection(ProjectConfigurationPlatforms) = postSolution
		{E37BA2F0-E853-41AD-92F3-52CB7B222350}.Debug|Any CPU.ActiveCfg = Debug|Any CPU
		{E37BA2F0-E853-41AD-92F3-52CB7B222350}.Debug|Any CPU.Build.0 = Debug|Any CPU
		{E37BA2F0-E853-41AD-92F3-52CB7B222350}.Release|Any CPU.ActiveCfg = Release|Any CPU
		{E37BA2F0-E853-41AD-92F3-52CB7B222350}.Release|Any CPU.Build.0 = Release|Any CPU
		{848CE98F-C5CF-404D-9940-61C24EF523B1}.Debug|Any CPU.ActiveCfg = Debug|Any CPU
		{848CE98F-C5CF-404D-9940-61C24EF523B1}.Debug|Any CPU.Build.0 = Debug|Any CPU
		{848CE98F-C5CF-404D-9940-61C24EF523B1}.Release|Any CPU.ActiveCfg = Release|Any CPU
		{848CE98F-C5CF-404D-9940-61C24EF523B1}.Release|Any CPU.Build.0 = Release|Any CPU
	EndGlobalSection
	GlobalSection(SolutionProperties) = preSolution
		HideSolutionNode = FALSE
	EndGlobalSection
	GlobalSection(ExtensibilityGlobals) = postSolution
		SolutionGuid = {24601E7D-F319-48A4-9B95-36940B57CD57}
	EndGlobalSection
EndGlobal
